
Microsoft Visual Studio Solution File, Format Version 12.00
# Visual Studio 15
VisualStudioVersion = 15.0.27130.2036
MinimumVisualStudioVersion = 10.0.40219.1
Project("{FAE04EC0-301F-11D3-BF4B-00C04F79EFBC}") = "Lab.GBD.ConsoleApp", "Lab.GBD.ConsoleApp\Lab.GBD.ConsoleApp.csproj", "{4D2B9165-5E66-45CA-884C-51278E7605DC}"
EndProject
Project("{FAE04EC0-301F-11D3-BF4B-00C04F79EFBC}") = "Lab.GBD.Entities", "Lab.GBD.Entities\Lab.GBD.Entities.csproj", "{A868EAAF-3690-4686-9660-80177CC0DC94}"
EndProject
Global
	GlobalSection(SolutionConfigurationPlatforms) = preSolution
		Debug|Any CPU = Debug|Any CPU
		Release|Any CPU = Release|Any CPU
	EndGlobalSection
	GlobalSection(ProjectConfigurationPlatforms) = postSolution
		{4D2B9165-5E66-45CA-884C-51278E7605DC}.Debug|Any CPU.ActiveCfg = Debug|Any CPU
		{4D2B9165-5E66-45CA-884C-51278E7605DC}.Debug|Any CPU.Build.0 = Debug|Any CPU
		{4D2B9165-5E66-45CA-884C-51278E7605DC}.Release|Any CPU.ActiveCfg = Release|Any CPU
		{4D2B9165-5E66-45CA-884C-51278E7605DC}.Release|Any CPU.Build.0 = Release|Any CPU
		{A868EAAF-3690-4686-9660-80177CC0DC94}.Debug|Any CPU.ActiveCfg = Debug|Any CPU
		{A868EAAF-3690-4686-9660-80177CC0DC94}.Debug|Any CPU.Build.0 = Debug|Any CPU
		{A868EAAF-3690-4686-9660-80177CC0DC94}.Release|Any CPU.ActiveCfg = Release|Any CPU
		{A868EAAF-3690-4686-9660-80177CC0DC94}.Release|Any CPU.Build.0 = Release|Any CPU
	EndGlobalSection
	GlobalSection(SolutionProperties) = preSolution
		HideSolutionNode = FALSE
	EndGlobalSection
	GlobalSection(ExtensibilityGlobals) = postSolution
		SolutionGuid = {23C2C339-649A-4E1C-87FD-F6D0B9A63A0B}
	EndGlobalSection
EndGlobal
